
Microsoft Visual Studio Solution File, Format Version 12.00
# Visual Studio Version 17
VisualStudioVersion = 17.11.35312.102
MinimumVisualStudioVersion = 10.0.40219.1
Project("{9A19103F-16F7-4668-BE54-9A1E7A4F7556}") = "Gestion_personal", "Gestion_personal\Gestion_personal.csproj", "{1D6B8045-0B53-4F7D-AF89-57275D0EF893}"
EndProject
Global
	GlobalSection(SolutionConfigurationPlatforms) = preSolution
		Debug|Any CPU = Debug|Any CPU
		Release|Any CPU = Release|Any CPU
	EndGlobalSection
	GlobalSection(ProjectConfigurationPlatforms) = postSolution
		{1D6B8045-0B53-4F7D-AF89-57275D0EF893}.Debug|Any CPU.ActiveCfg = Debug|Any CPU
		{1D6B8045-0B53-4F7D-AF89-57275D0EF893}.Debug|Any CPU.Build.0 = Debug|Any CPU
		{1D6B8045-0B53-4F7D-AF89-57275D0EF893}.Release|Any CPU.ActiveCfg = Release|Any CPU
		{1D6B8045-0B53-4F7D-AF89-57275D0EF893}.Release|Any CPU.Build.0 = Release|Any CPU
	EndGlobalSection
	GlobalSection(SolutionProperties) = preSolution
		HideSolutionNode = FALSE
	EndGlobalSection
	GlobalSection(ExtensibilityGlobals) = postSolution
		SolutionGuid = {820A310E-F8E4-43FF-A65B-37C8E6B23419}
	EndGlobalSection
EndGlobal
